
Microsoft Visual Studio Solution File, Format Version 12.00
# Visual Studio 15
VisualStudioVersion = 15.0.28307.421
MinimumVisualStudioVersion = 10.0.40219.1
Project("{FAE04EC0-301F-11D3-BF4B-00C04F79EFBC}") = "MovieMania.Android", "MovieMania\MovieMania.Android\MovieMania.Android.csproj", "{FB240BD6-60E8-4BCD-8A45-CE572ECD63BB}"
EndProject
Project("{FAE04EC0-301F-11D3-BF4B-00C04F79EFBC}") = "MovieMania.iOS", "MovieMania\MovieMania.iOS\MovieMania.iOS.csproj", "{7440C90E-4C3F-42D6-A740-3F2F33699355}"
EndProject
Project("{9A19103F-16F7-4668-BE54-9A1E7A4F7556}") = "MovieMania", "MovieMania\MovieMania\MovieMania.csproj", "{B545B4BB-AEDB-40E9-8167-46F5C33FA65A}"
EndProject
Project("{2150E333-8FDC-42A3-9474-1A3956D46DE8}") = "Tests", "Tests", "{683A394B-3B23-4055-9C0E-FA4C4725F711}"
EndProject
Project("{FAE04EC0-301F-11D3-BF4B-00C04F79EFBC}") = "MovieMania.Tests", "MovieMania.Tests\MovieMania.Tests.csproj", "{8EDF4429-251A-416D-BB68-93F227191BCF}"
EndProject
Global
	GlobalSection(SolutionConfigurationPlatforms) = preSolution
		Ad-Hoc|Any CPU = Ad-Hoc|Any CPU
		Ad-Hoc|iPhone = Ad-Hoc|iPhone
		Ad-Hoc|iPhoneSimulator = Ad-Hoc|iPhoneSimulator
		AppStore|Any CPU = AppStore|Any CPU
		AppStore|iPhone = AppStore|iPhone
		AppStore|iPhoneSimulator = AppStore|iPhoneSimulator
		Debug|Any CPU = Debug|Any CPU
		Debug|iPhone = Debug|iPhone
		Debug|iPhoneSimulator = Debug|iPhoneSimulator
		Release|Any CPU = Release|Any CPU
		Release|iPhone = Release|iPhone
		Release|iPhoneSimulator = Release|iPhoneSimulator
	EndGlobalSection
	GlobalSection(ProjectConfigurationPlatforms) = postSolution
		{FB240BD6-60E8-4BCD-8A45-CE572ECD63BB}.Ad-Hoc|Any CPU.ActiveCfg = Release|Any CPU
		{FB240BD6-60E8-4BCD-8A45-CE572ECD63BB}.Ad-Hoc|Any CPU.Build.0 = Release|Any CPU
		{FB240BD6-60E8-4BCD-8A45-CE572ECD63BB}.Ad-Hoc|Any CPU.Deploy.0 = Release|Any CPU
		{FB240BD6-60E8-4BCD-8A45-CE572ECD63BB}.Ad-Hoc|iPhone.ActiveCfg = Release|Any CPU
		{FB240BD6-60E8-4BCD-8A45-CE572ECD63BB}.Ad-Hoc|iPhone.Build.0 = Release|Any CPU
		{FB240BD6-60E8-4BCD-8A45-CE572ECD63BB}.Ad-Hoc|iPhone.Deploy.0 = Release|Any CPU
		{FB240BD6-60E8-4BCD-8A45-CE572ECD63BB}.Ad-Hoc|iPhoneSimulator.ActiveCfg = Release|Any CPU
		{FB240BD6-60E8-4BCD-8A45-CE572ECD63BB}.Ad-Hoc|iPhoneSimulator.Build.0 = Release|Any CPU
		{FB240BD6-60E8-4BCD-8A45-CE572ECD63BB}.Ad-Hoc|iPhoneSimulator.Deploy.0 = Release|Any CPU
		{FB240BD6-60E8-4BCD-8A45-CE572ECD63BB}.AppStore|Any CPU.ActiveCfg = Release|Any CPU
		{FB240BD6-60E8-4BCD-8A45-CE572ECD63BB}.AppStore|Any CPU.Build.0 = Release|Any CPU
		{FB240BD6-60E8-4BCD-8A45-CE572ECD63BB}.AppStore|Any CPU.Deploy.0 = Release|Any CPU
		{FB240BD6-60E8-4BCD-8A45-CE572ECD63BB}.AppStore|iPhone.ActiveCfg = Release|Any CPU
		{FB240BD6-60E8-4BCD-8A45-CE572ECD63BB}.AppStore|iPhone.Build.0 = Release|Any CPU
		{FB240BD6-60E8-4BCD-8A45-CE572ECD63BB}.AppStore|iPhone.Deploy.0 = Release|Any CPU
		{FB240BD6-60E8-4BCD-8A45-CE572ECD63BB}.AppStore|iPhoneSimulator.ActiveCfg = Release|Any CPU
		{FB240BD6-60E8-4BCD-8A45-CE572ECD63BB}.AppStore|iPhoneSimulator.Build.0 = Release|Any CPU
		{FB240BD6-60E8-4BCD-8A45-CE572ECD63BB}.AppStore|iPhoneSimulator.Deploy.0 = Release|Any CPU
		{FB240BD6-60E8-4BCD-8A45-CE572ECD63BB}.Debug|Any CPU.ActiveCfg = Debug|Any CPU
		{FB240BD6-60E8-4BCD-8A45-CE572ECD63BB}.Debug|Any CPU.Build.0 = Debug|Any CPU
		{FB240BD6-60E8-4BCD-8A45-CE572ECD63BB}.Debug|Any CPU.Deploy.0 = Debug|Any CPU
		{FB240BD6-60E8-4BCD-8A45-CE572ECD63BB}.Debug|iPhone.ActiveCfg = Debug|Any CPU
		{FB240BD6-60E8-4BCD-8A45-CE572ECD63BB}.Debug|iPhone.Build.0 = Debug|Any CPU
		{FB240BD6-60E8-4BCD-8A45-CE572ECD63BB}.Debug|iPhone.Deploy.0 = Debug|Any CPU
		{FB240BD6-60E8-4BCD-8A45-CE572ECD63BB}.Debug|iPhoneSimulator.ActiveCfg = Debug|Any CPU
		{FB240BD6-60E8-4BCD-8A45-CE572ECD63BB}.Debug|iPhoneSimulator.Build.0 = Debug|Any CPU
		{FB240BD6-60E8-4BCD-8A45-CE572ECD63BB}.Debug|iPhoneSimulator.Deploy.0 = Debug|Any CPU
		{FB240BD6-60E8-4BCD-8A45-CE572ECD63BB}.Release|Any CPU.ActiveCfg = Release|Any CPU
		{FB240BD6-60E8-4BCD-8A45-CE572ECD63BB}.Release|Any CPU.Build.0 = Release|Any CPU
		{FB240BD6-60E8-4BCD-8A45-CE572ECD63BB}.Release|Any CPU.Deploy.0 = Release|Any CPU
		{FB240BD6-60E8-4BCD-8A45-CE572ECD63BB}.Release|iPhone.ActiveCfg = Release|Any CPU
		{FB240BD6-60E8-4BCD-8A45-CE572ECD63BB}.Release|iPhone.Build.0 = Release|Any CPU
		{FB240BD6-60E8-4BCD-8A45-CE572ECD63BB}.Release|iPhone.Deploy.0 = Release|Any CPU
		{FB240BD6-60E8-4BCD-8A45-CE572ECD63BB}.Release|iPhoneSimulator.ActiveCfg = Release|Any CPU
		{FB240BD6-60E8-4BCD-8A45-CE572ECD63BB}.Release|iPhoneSimulator.Build.0 = Release|Any CPU
		{FB240BD6-60E8-4BCD-8A45-CE572ECD63BB}.Release|iPhoneSimulator.Deploy.0 = Release|Any CPU
		{7440C90E-4C3F-42D6-A740-3F2F33699355}.Ad-Hoc|Any CPU.ActiveCfg = Ad-Hoc|iPhone
		{7440C90E-4C3F-42D6-A740-3F2F33699355}.Ad-Hoc|Any CPU.Build.0 = Ad-Hoc|iPhone
		{7440C90E-4C3F-42D6-A740-3F2F33699355}.Ad-Hoc|Any CPU.Deploy.0 = Ad-Hoc|iPhone
		{7440C90E-4C3F-42D6-A740-3F2F33699355}.Ad-Hoc|iPhone.ActiveCfg = Ad-Hoc|iPhone
		{7440C90E-4C3F-42D6-A740-3F2F33699355}.Ad-Hoc|iPhone.Build.0 = Ad-Hoc|iPhone
		{7440C90E-4C3F-42D6-A740-3F2F33699355}.Ad-Hoc|iPhone.Deploy.0 = Ad-Hoc|iPhone
		{7440C90E-4C3F-42D6-A740-3F2F33699355}.Ad-Hoc|iPhoneSimulator.ActiveCfg = Ad-Hoc|iPhoneSimulator
		{7440C90E-4C3F-42D6-A740-3F2F33699355}.Ad-Hoc|iPhoneSimulator.Build.0 = Ad-Hoc|iPhoneSimulator
		{7440C90E-4C3F-42D6-A740-3F2F33699355}.Ad-Hoc|iPhoneSimulator.Deploy.0 = Ad-Hoc|iPhoneSimulator
		{7440C90E-4C3F-42D6-A740-3F2F33699355}.AppStore|Any CPU.ActiveCfg = AppStore|iPhone
		{7440C90E-4C3F-42D6-A740-3F2F33699355}.AppStore|Any CPU.Build.0 = AppStore|iPhone
		{7440C90E-4C3F-42D6-A740-3F2F33699355}.AppStore|Any CPU.Deploy.0 = AppStore|iPhone
		{7440C90E-4C3F-42D6-A740-3F2F33699355}.AppStore|iPhone.ActiveCfg = AppStore|iPhone
		{7440C90E-4C3F-42D6-A740-3F2F33699355}.AppStore|iPhone.Build.0 = AppStore|iPhone
		{7440C90E-4C3F-42D6-A740-3F2F33699355}.AppStore|iPhone.Deploy.0 = AppStore|iPhone
		{7440C90E-4C3F-42D6-A740-3F2F33699355}.AppStore|iPhoneSimulator.ActiveCfg = AppStore|iPhoneSimulator
		{7440C90E-4C3F-42D6-A740-3F2F33699355}.AppStore|iPhoneSimulator.Build.0 = AppStore|iPhoneSimulator
		{7440C90E-4C3F-42D6-A740-3F2F33699355}.AppStore|iPhoneSimulator.Deploy.0 = AppStore|iPhoneSimulator
		{7440C90E-4C3F-42D6-A740-3F2F33699355}.Debug|Any CPU.ActiveCfg = Debug|iPhoneSimulator
		{7440C90E-4C3F-42D6-A740-3F2F33699355}.Debug|Any CPU.Build.0 = Debug|iPhoneSimulator
		{7440C90E-4C3F-42D6-A740-3F2F33699355}.Debug|Any CPU.Deploy.0 = Debug|iPhoneSimulator
		{7440C90E-4C3F-42D6-A740-3F2F33699355}.Debug|iPhone.ActiveCfg = Debug|iPhone
		{7440C90E-4C3F-42D6-A740-3F2F33699355}.Debug|iPhone.Build.0 = Debug|iPhone
		{7440C90E-4C3F-42D6-A740-3F2F33699355}.Debug|iPhone.Deploy.0 = Debug|iPhone
		{7440C90E-4C3F-42D6-A740-3F2F33699355}.Debug|iPhoneSimulator.ActiveCfg = Debug|iPhoneSimulator
		{7440C90E-4C3F-42D6-A740-3F2F33699355}.Debug|iPhoneSimulator.Build.0 = Debug|iPhoneSimulator
		{7440C90E-4C3F-42D6-A740-3F2F33699355}.Debug|iPhoneSimulator.Deploy.0 = Debug|iPhoneSimulator
		{7440C90E-4C3F-42D6-A740-3F2F33699355}.Release|Any CPU.ActiveCfg = Release|iPhone
		{7440C90E-4C3F-42D6-A740-3F2F33699355}.Release|Any CPU.Build.0 = Release|iPhone
		{7440C90E-4C3F-42D6-A740-3F2F33699355}.Release|Any CPU.Deploy.0 = Release|iPhone
		{7440C90E-4C3F-42D6-A740-3F2F33699355}.Release|iPhone.ActiveCfg = Release|iPhone
		{7440C90E-4C3F-42D6-A740-3F2F33699355}.Release|iPhone.Build.0 = Release|iPhone
		{7440C90E-4C3F-42D6-A740-3F2F33699355}.Release|iPhone.Deploy.0 = Release|iPhone
		{7440C90E-4C3F-42D6-A740-3F2F33699355}.Release|iPhoneSimulator.ActiveCfg = Release|iPhoneSimulator
		{7440C90E-4C3F-42D6-A740-3F2F33699355}.Release|iPhoneSimulator.Build.0 = Release|iPhoneSimulator
		{7440C90E-4C3F-42D6-A740-3F2F33699355}.Release|iPhoneSimulator.Deploy.0 = Release|iPhoneSimulator
		{B545B4BB-AEDB-40E9-8167-46F5C33FA65A}.Ad-Hoc|Any CPU.ActiveCfg = Debug|Any CPU
		{B545B4BB-AEDB-40E9-8167-46F5C33FA65A}.Ad-Hoc|Any CPU.Build.0 = Debug|Any CPU
		{B545B4BB-AEDB-40E9-8167-46F5C33FA65A}.Ad-Hoc|Any CPU.Deploy.0 = Debug|Any CPU
		{B545B4BB-AEDB-40E9-8167-46F5C33FA65A}.Ad-Hoc|iPhone.ActiveCfg = Debug|Any CPU
		{B545B4BB-AEDB-40E9-8167-46F5C33FA65A}.Ad-Hoc|iPhone.Build.0 = Debug|Any CPU
		{B545B4BB-AEDB-40E9-8167-46F5C33FA65A}.Ad-Hoc|iPhone.Deploy.0 = Debug|Any CPU
		{B545B4BB-AEDB-40E9-8167-46F5C33FA65A}.Ad-Hoc|iPhoneSimulator.ActiveCfg = Debug|Any CPU
		{B545B4BB-AEDB-40E9-8167-46F5C33FA65A}.Ad-Hoc|iPhoneSimulator.Build.0 = Debug|Any CPU
		{B545B4BB-AEDB-40E9-8167-46F5C33FA65A}.Ad-Hoc|iPhoneSimulator.Deploy.0 = Debug|Any CPU
		{B545B4BB-AEDB-40E9-8167-46F5C33FA65A}.AppStore|Any CPU.ActiveCfg = Debug|Any CPU
		{B545B4BB-AEDB-40E9-8167-46F5C33FA65A}.AppStore|Any CPU.Build.0 = Debug|Any CPU
		{B545B4BB-AEDB-40E9-8167-46F5C33FA65A}.AppStore|Any CPU.Deploy.0 = Debug|Any CPU
		{B545B4BB-AEDB-40E9-8167-46F5C33FA65A}.AppStore|iPhone.ActiveCfg = Debug|Any CPU
		{B545B4BB-AEDB-40E9-8167-46F5C33FA65A}.AppStore|iPhone.Build.0 = Debug|Any CPU
		{B545B4BB-AEDB-40E9-8167-46F5C33FA65A}.AppStore|iPhone.Deploy.0 = Debug|Any CPU
		{B545B4BB-AEDB-40E9-8167-46F5C33FA65A}.AppStore|iPhoneSimulator.ActiveCfg = Debug|Any CPU
		{B545B4BB-AEDB-40E9-8167-46F5C33FA65A}.AppStore|iPhoneSimulator.Build.0 = Debug|Any CPU
		{B545B4BB-AEDB-40E9-8167-46F5C33FA65A}.AppStore|iPhoneSimulator.Deploy.0 = Debug|Any CPU
		{B545B4BB-AEDB-40E9-8167-46F5C33FA65A}.Debug|Any CPU.ActiveCfg = Debug|Any CPU
		{B545B4BB-AEDB-40E9-8167-46F5C33FA65A}.Debug|Any CPU.Build.0 = Debug|Any CPU
		{B545B4BB-AEDB-40E9-8167-46F5C33FA65A}.Debug|Any CPU.Deploy.0 = Debug|Any CPU
		{B545B4BB-AEDB-40E9-8167-46F5C33FA65A}.Debug|iPhone.ActiveCfg = Debug|Any CPU
		{B545B4BB-AEDB-40E9-8167-46F5C33FA65A}.Debug|iPhone.Build.0 = Debug|Any CPU
		{B545B4BB-AEDB-40E9-8167-46F5C33FA65A}.Debug|iPhone.Deploy.0 = Debug|Any CPU
		{B545B4BB-AEDB-40E9-8167-46F5C33FA65A}.Debug|iPhoneSimulator.ActiveCfg = Debug|Any CPU
		{B545B4BB-AEDB-40E9-8167-46F5C33FA65A}.Debug|iPhoneSimulator.Build.0 = Debug|Any CPU
		{B545B4BB-AEDB-40E9-8167-46F5C33FA65A}.Debug|iPhoneSimulator.Deploy.0 = Debug|Any CPU
		{B545B4BB-AEDB-40E9-8167-46F5C33FA65A}.Release|Any CPU.ActiveCfg = Release|Any CPU
		{B545B4BB-AEDB-40E9-8167-46F5C33FA65A}.Release|Any CPU.Build.0 = Release|Any CPU
		{B545B4BB-AEDB-40E9-8167-46F5C33FA65A}.Release|Any CPU.Deploy.0 = Release|Any CPU
		{B545B4BB-AEDB-40E9-8167-46F5C33FA65A}.Release|iPhone.ActiveCfg = Release|Any CPU
		{B545B4BB-AEDB-40E9-8167-46F5C33FA65A}.Release|iPhone.Build.0 = Release|Any CPU
		{B545B4BB-AEDB-40E9-8167-46F5C33FA65A}.Release|iPhone.Deploy.0 = Release|Any CPU
		{B545B4BB-AEDB-40E9-8167-46F5C33FA65A}.Release|iPhoneSimulator.ActiveCfg = Release|Any CPU
		{B545B4BB-AEDB-40E9-8167-46F5C33FA65A}.Release|iPhoneSimulator.Build.0 = Release|Any CPU
		{B545B4BB-AEDB-40E9-8167-46F5C33FA65A}.Release|iPhoneSimulator.Deploy.0 = Release|Any CPU
		{8EDF4429-251A-416D-BB68-93F227191BCF}.Ad-Hoc|Any CPU.ActiveCfg = Release|Any CPU
		{8EDF4429-251A-416D-BB68-93F227191BCF}.Ad-Hoc|Any CPU.Build.0 = Release|Any CPU
		{8EDF4429-251A-416D-BB68-93F227191BCF}.Ad-Hoc|iPhone.ActiveCfg = Release|Any CPU
		{8EDF4429-251A-416D-BB68-93F227191BCF}.Ad-Hoc|iPhone.Build.0 = Release|Any CPU
		{8EDF4429-251A-416D-BB68-93F227191BCF}.Ad-Hoc|iPhoneSimulator.ActiveCfg = Release|Any CPU
		{8EDF4429-251A-416D-BB68-93F227191BCF}.Ad-Hoc|iPhoneSimulator.Build.0 = Release|Any CPU
		{8EDF4429-251A-416D-BB68-93F227191BCF}.AppStore|Any CPU.ActiveCfg = Release|Any CPU
		{8EDF4429-251A-416D-BB68-93F227191BCF}.AppStore|Any CPU.Build.0 = Release|Any CPU
		{8EDF4429-251A-416D-BB68-93F227191BCF}.AppStore|iPhone.ActiveCfg = Release|Any CPU
		{8EDF4429-251A-416D-BB68-93F227191BCF}.AppStore|iPhone.Build.0 = Release|Any CPU
		{8EDF4429-251A-416D-BB68-93F227191BCF}.AppStore|iPhoneSimulator.ActiveCfg = Release|Any CPU
		{8EDF4429-251A-416D-BB68-93F227191BCF}.AppStore|iPhoneSimulator.Build.0 = Release|Any CPU
		{8EDF4429-251A-416D-BB68-93F227191BCF}.Debug|Any CPU.ActiveCfg = Debug|Any CPU
		{8EDF4429-251A-416D-BB68-93F227191BCF}.Debug|Any CPU.Build.0 = Debug|Any CPU
		{8EDF4429-251A-416D-BB68-93F227191BCF}.Debug|iPhone.ActiveCfg = Debug|Any CPU
		{8EDF4429-251A-416D-BB68-93F227191BCF}.Debug|iPhone.Build.0 = Debug|Any CPU
		{8EDF4429-251A-416D-BB68-93F227191BCF}.Debug|iPhoneSimulator.ActiveCfg = Debug|Any CPU
		{8EDF4429-251A-416D-BB68-93F227191BCF}.Debug|iPhoneSimulator.Build.0 = Debug|Any CPU
		{8EDF4429-251A-416D-BB68-93F227191BCF}.Release|Any CPU.ActiveCfg = Release|Any CPU
		{8EDF4429-251A-416D-BB68-93F227191BCF}.Release|Any CPU.Build.0 = Release|Any CPU
		{8EDF4429-251A-416D-BB68-93F227191BCF}.Release|iPhone.ActiveCfg = Release|Any CPU
		{8EDF4429-251A-416D-BB68-93F227191BCF}.Release|iPhone.Build.0 = Release|Any CPU
		{8EDF4429-251A-416D-BB68-93F227191BCF}.Release|iPhoneSimulator.ActiveCfg = Release|Any CPU
		{8EDF4429-251A-416D-BB68-93F227191BCF}.Release|iPhoneSimulator.Build.0 = Release|Any CPU
	EndGlobalSection
	GlobalSection(SolutionProperties) = preSolution
		HideSolutionNode = FALSE
	EndGlobalSection
	GlobalSection(NestedProjects) = preSolution
		{8EDF4429-251A-416D-BB68-93F227191BCF} = {683A394B-3B23-4055-9C0E-FA4C4725F711}
	EndGlobalSection
	GlobalSection(ExtensibilityGlobals) = postSolution
		SolutionGuid = {A1DC3D0C-6147-4EBB-9E42-7240195A1D4F}
	EndGlobalSection
EndGlobal
